github.com/bnch/uleb128 v0.0.0-20160221084957-fac1fe18ad59 h1:WmIm5PO5EyIEWq8ia2isZi+M8n4jb+jK8n62RUAQskA=
github.com/bnch/uleb128 v0.0.0-20160221084957-fac1fe18ad59/go.mod h1:zsF7tgeh6SxSU4t28n0DKFAmrHwIrdgbsBC50nUWIi8=
github.com/itchio/lzma v0.0.0-20190703113020-d3e24e3e3d49 h1:+YrBMf3rkLjkT10zIHyVE4S7ma4hqvfjl6XgnzZwS6o=
github.com/itchio/lzma v0.0.0-20190703113020-d3e24e3e3d49/go.mod h1:avNrevQMli1pYPsz1+HIHMvx95pk6O+6otbWqCZPeZI=
